
Microsoft Visual Studio Solution File, Format Version 12.00
# Visual Studio Version 17
VisualStudioVersion = 17.2.32516.85
MinimumVisualStudioVersion = 10.0.40219.1
Project("{FAE04EC0-301F-11D3-BF4B-00C04F79EFBC}") = "LoyaltyServiceLab2", "LoyaltyServiceLab2\LoyaltyServiceLab2.csproj", "{0EFC8690-30AD-4AAB-9C7B-5F0B10AE7794}"
EndProject
Global
	GlobalSection(SolutionConfigurationPlatforms) = preSolution
		Debug|Any CPU = Debug|Any CPU
		Release|Any CPU = Release|Any CPU
	EndGlobalSection
	GlobalSection(ProjectConfigurationPlatforms) = postSolution
		{0EFC8690-30AD-4AAB-9C7B-5F0B10AE7794}.Debug|Any CPU.ActiveCfg = Debug|Any CPU
		{0EFC8690-30AD-4AAB-9C7B-5F0B10AE7794}.Debug|Any CPU.Build.0 = Debug|Any CPU
		{0EFC8690-30AD-4AAB-9C7B-5F0B10AE7794}.Release|Any CPU.ActiveCfg = Release|Any CPU
		{0EFC8690-30AD-4AAB-9C7B-5F0B10AE7794}.Release|Any CPU.Build.0 = Release|Any CPU
	EndGlobalSection
	GlobalSection(SolutionProperties) = preSolution
		HideSolutionNode = FALSE
	EndGlobalSection
	GlobalSection(ExtensibilityGlobals) = postSolution
		SolutionGuid = {717925E2-4E29-43C9-BC12-68BC06CAF53C}
	EndGlobalSection
EndGlobal
